
Microsoft Visual Studio Solution File, Format Version 12.00
# Visual Studio Version 17
VisualStudioVersion = 17.11.35208.52
MinimumVisualStudioVersion = 10.0.40219.1
Project("{FAE04EC0-301F-11D3-BF4B-00C04F79EFBC}") = "DGTickets.Backend", "DGTickets.Backend\DGTickets.Backend.csproj", "{3250045F-010B-4C0E-8D7B-DB4DEC435EFB}"
EndProject
Project("{FAE04EC0-301F-11D3-BF4B-00C04F79EFBC}") = "DGTickets.Frontend", "DGTickets.Frontend\DGTickets.Frontend.csproj", "{3FD41AAF-0B63-4BF4-ABB3-04862661A3BA}"
EndProject
Project("{FAE04EC0-301F-11D3-BF4B-00C04F79EFBC}") = "DGTickets.Shared", "DGTickets.Shared\DGTickets.Shared.csproj", "{6A927FEE-E646-48D9-A172-C61235C29249}"
EndProject
Project("{FAE04EC0-301F-11D3-BF4B-00C04F79EFBC}") = "DGTickets.Tests", "DGTickets.Tests\DGTickets.Tests.csproj", "{FD8629D4-8FA8-4C64-88FE-5BC04647A75D}"
EndProject
Global
	GlobalSection(SolutionConfigurationPlatforms) = preSolution
		Debug|Any CPU = Debug|Any CPU
		Release|Any CPU = Release|Any CPU
	EndGlobalSection
	GlobalSection(ProjectConfigurationPlatforms) = postSolution
		{3250045F-010B-4C0E-8D7B-DB4DEC435EFB}.Debug|Any CPU.ActiveCfg = Debug|Any CPU
		{3250045F-010B-4C0E-8D7B-DB4DEC435EFB}.Debug|Any CPU.Build.0 = Debug|Any CPU
		{3250045F-010B-4C0E-8D7B-DB4DEC435EFB}.Release|Any CPU.ActiveCfg = Release|Any CPU
		{3250045F-010B-4C0E-8D7B-DB4DEC435EFB}.Release|Any CPU.Build.0 = Release|Any CPU
		{3FD41AAF-0B63-4BF4-ABB3-04862661A3BA}.Debug|Any CPU.ActiveCfg = Debug|Any CPU
		{3FD41AAF-0B63-4BF4-ABB3-04862661A3BA}.Debug|Any CPU.Build.0 = Debug|Any CPU
		{3FD41AAF-0B63-4BF4-ABB3-04862661A3BA}.Release|Any CPU.ActiveCfg = Release|Any CPU
		{3FD41AAF-0B63-4BF4-ABB3-04862661A3BA}.Release|Any CPU.Build.0 = Release|Any CPU
		{6A927FEE-E646-48D9-A172-C61235C29249}.Debug|Any CPU.ActiveCfg = Debug|Any CPU
		{6A927FEE-E646-48D9-A172-C61235C29249}.Debug|Any CPU.Build.0 = Debug|Any CPU
		{6A927FEE-E646-48D9-A172-C61235C29249}.Release|Any CPU.ActiveCfg = Release|Any CPU
		{6A927FEE-E646-48D9-A172-C61235C29249}.Release|Any CPU.Build.0 = Release|Any CPU
		{FD8629D4-8FA8-4C64-88FE-5BC04647A75D}.Debug|Any CPU.ActiveCfg = Debug|Any CPU
		{FD8629D4-8FA8-4C64-88FE-5BC04647A75D}.Debug|Any CPU.Build.0 = Debug|Any CPU
		{FD8629D4-8FA8-4C64-88FE-5BC04647A75D}.Release|Any CPU.ActiveCfg = Release|Any CPU
		{FD8629D4-8FA8-4C64-88FE-5BC04647A75D}.Release|Any CPU.Build.0 = Release|Any CPU
	EndGlobalSection
	GlobalSection(SolutionProperties) = preSolution
		HideSolutionNode = FALSE
	EndGlobalSection
	GlobalSection(ExtensibilityGlobals) = postSolution
		SolutionGuid = {163214CC-0A7E-4CE0-94B3-F27292E4A14F}
	EndGlobalSection
EndGlobal
